
Microsoft Visual Studio Solution File, Format Version 12.00
# Visual Studio Version 17
VisualStudioVersion = 17.9.34616.47
MinimumVisualStudioVersion = 10.0.40219.1
Project("{8BC9CEB8-8B4A-11D0-8D11-00A0C91BC942}") = "oop", "oop\oop.vcxproj", "{546BE668-22F6-4E67-BC0A-4BEF6BD64C11}"
EndProject
Project("{8BC9CEB8-8B4A-11D0-8D11-00A0C91BC942}") = "oop2", "oop2\oop2.vcxproj", "{6FD0245E-46AE-429C-A6E2-966B50C82673}"
EndProject
Project("{8BC9CEB8-8B4A-11D0-8D11-00A0C91BC942}") = "oopkedua", "oopkedua\oopkedua.vcxproj", "{01F2C9CD-37B2-4E3D-956F-A60EA49CA831}"
EndProject
Global
	GlobalSection(SolutionConfigurationPlatforms) = preSolution
		Debug|x64 = Debug|x64
		Debug|x86 = Debug|x86
		Release|x64 = Release|x64
		Release|x86 = Release|x86
	EndGlobalSection
	GlobalSection(ProjectConfigurationPlatforms) = postSolution
		{546BE668-22F6-4E67-BC0A-4BEF6BD64C11}.Debug|x64.ActiveCfg = Debug|x64
		{546BE668-22F6-4E67-BC0A-4BEF6BD64C11}.Debug|x64.Build.0 = Debug|x64
		{546BE668-22F6-4E67-BC0A-4BEF6BD64C11}.Debug|x86.ActiveCfg = Debug|Win32
		{546BE668-22F6-4E67-BC0A-4BEF6BD64C11}.Debug|x86.Build.0 = Debug|Win32
		{546BE668-22F6-4E67-BC0A-4BEF6BD64C11}.Release|x64.ActiveCfg = Release|x64
		{546BE668-22F6-4E67-BC0A-4BEF6BD64C11}.Release|x64.Build.0 = Release|x64
		{546BE668-22F6-4E67-BC0A-4BEF6BD64C11}.Release|x86.ActiveCfg = Release|Win32
		{546BE668-22F6-4E67-BC0A-4BEF6BD64C11}.Release|x86.Build.0 = Release|Win32
		{6FD0245E-46AE-429C-A6E2-966B50C82673}.Debug|x64.ActiveCfg = Debug|x64
		{6FD0245E-46AE-429C-A6E2-966B50C82673}.Debug|x64.Build.0 = Debug|x64
		{6FD0245E-46AE-429C-A6E2-966B50C82673}.Debug|x86.ActiveCfg = Debug|Win32
		{6FD0245E-46AE-429C-A6E2-966B50C82673}.Debug|x86.Build.0 = Debug|Win32
		{6FD0245E-46AE-429C-A6E2-966B50C82673}.Release|x64.ActiveCfg = Release|x64
		{6FD0245E-46AE-429C-A6E2-966B50C82673}.Release|x64.Build.0 = Release|x64
		{6FD0245E-46AE-429C-A6E2-966B50C82673}.Release|x86.ActiveCfg = Release|Win32
		{6FD0245E-46AE-429C-A6E2-966B50C82673}.Release|x86.Build.0 = Release|Win32
		{01F2C9CD-37B2-4E3D-956F-A60EA49CA831}.Debug|x64.ActiveCfg = Debug|x64
		{01F2C9CD-37B2-4E3D-956F-A60EA49CA831}.Debug|x64.Build.0 = Debug|x64
		{01F2C9CD-37B2-4E3D-956F-A60EA49CA831}.Debug|x86.ActiveCfg = Debug|Win32
		{01F2C9CD-37B2-4E3D-956F-A60EA49CA831}.Debug|x86.Build.0 = Debug|Win32
		{01F2C9CD-37B2-4E3D-956F-A60EA49CA831}.Release|x64.ActiveCfg = Release|x64
		{01F2C9CD-37B2-4E3D-956F-A60EA49CA831}.Release|x64.Build.0 = Release|x64
		{01F2C9CD-37B2-4E3D-956F-A60EA49CA831}.Release|x86.ActiveCfg = Release|Win32
		{01F2C9CD-37B2-4E3D-956F-A60EA49CA831}.Release|x86.Build.0 = Release|Win32
	EndGlobalSection
	GlobalSection(SolutionProperties) = preSolution
		HideSolutionNode = FALSE
	EndGlobalSection
	GlobalSection(ExtensibilityGlobals) = postSolution
		SolutionGuid = {8ACEAA27-3F77-4FF7-812A-2F70B59B7D6F}
	EndGlobalSection
EndGlobal
